
Microsoft Visual Studio Solution File, Format Version 12.00
# Visual Studio Version 16
VisualStudioVersion = 16.0.29102.190
MinimumVisualStudioVersion = 10.0.40219.1
Project("{9A19103F-16F7-4668-BE54-9A1E7A4F7556}") = "QuickTestBot_CSharp", "QuickTestBot_CSharp.csproj", "{C16E4C0E-BF29-4C48-BE86-CE40DCE27D89}"
EndProject
Global
	GlobalSection(SolutionConfigurationPlatforms) = preSolution
		Debug|Any CPU = Debug|Any CPU
		Release|Any CPU = Release|Any CPU
	EndGlobalSection
	GlobalSection(ProjectConfigurationPlatforms) = postSolution
		{C16E4C0E-BF29-4C48-BE86-CE40DCE27D89}.Debug|Any CPU.ActiveCfg = Debug|Any CPU
		{C16E4C0E-BF29-4C48-BE86-CE40DCE27D89}.Debug|Any CPU.Build.0 = Debug|Any CPU
		{C16E4C0E-BF29-4C48-BE86-CE40DCE27D89}.Release|Any CPU.ActiveCfg = Release|Any CPU
		{C16E4C0E-BF29-4C48-BE86-CE40DCE27D89}.Release|Any CPU.Build.0 = Release|Any CPU
	EndGlobalSection
	GlobalSection(SolutionProperties) = preSolution
		HideSolutionNode = FALSE
	EndGlobalSection
	GlobalSection(ExtensibilityGlobals) = postSolution
		SolutionGuid = {6B33DE6A-E3F2-4354-BCFC-CF82DDF06982}
	EndGlobalSection
EndGlobal
